
Microsoft Visual Studio Solution File, Format Version 12.00
# Visual Studio Version 16
VisualStudioVersion = 16.0.31911.196
MinimumVisualStudioVersion = 10.0.40219.1
Project("{FAE04EC0-301F-11D3-BF4B-00C04F79EFBC}") = "BookLibrary", "BookLibrary\BookLibrary.csproj", "{8E44B11B-7727-462D-ADE9-ACB380F58385}"
EndProject
Project("{FAE04EC0-301F-11D3-BF4B-00C04F79EFBC}") = "BookLibraryModels", "BookLibraryModels\BookLibraryModels.csproj", "{F4C8D31B-45EC-40C8-9B65-025E9138199B}"
EndProject
Project("{FAE04EC0-301F-11D3-BF4B-00C04F79EFBC}") = "BookLibraryDataAccess", "BookLibraryDataAccess\BookLibraryDataAccess.csproj", "{93D776CA-392B-4B4D-9F6F-CFB74CB5C7BA}"
EndProject
Project("{FAE04EC0-301F-11D3-BF4B-00C04F79EFBC}") = "BookLibraryCore", "BookLibraryCore\BookLibraryCore.csproj", "{B2B4C164-C00A-4562-8CA3-C1978C6E0BD2}"
EndProject
Project("{FAE04EC0-301F-11D3-BF4B-00C04F79EFBC}") = "BookLibraryUtility", "BookLibraryUtility\BookLibraryUtility.csproj", "{3B66C7FB-3C5F-4803-BD53-8966A17A0567}"
EndProject
Global
	GlobalSection(SolutionConfigurationPlatforms) = preSolution
		Debug|Any CPU = Debug|Any CPU
		Release|Any CPU = Release|Any CPU
	EndGlobalSection
	GlobalSection(ProjectConfigurationPlatforms) = postSolution
		{8E44B11B-7727-462D-ADE9-ACB380F58385}.Debug|Any CPU.ActiveCfg = Debug|Any CPU
		{8E44B11B-7727-462D-ADE9-ACB380F58385}.Debug|Any CPU.Build.0 = Debug|Any CPU
		{8E44B11B-7727-462D-ADE9-ACB380F58385}.Release|Any CPU.ActiveCfg = Release|Any CPU
		{8E44B11B-7727-462D-ADE9-ACB380F58385}.Release|Any CPU.Build.0 = Release|Any CPU
		{F4C8D31B-45EC-40C8-9B65-025E9138199B}.Debug|Any CPU.ActiveCfg = Debug|Any CPU
		{F4C8D31B-45EC-40C8-9B65-025E9138199B}.Debug|Any CPU.Build.0 = Debug|Any CPU
		{F4C8D31B-45EC-40C8-9B65-025E9138199B}.Release|Any CPU.ActiveCfg = Release|Any CPU
		{F4C8D31B-45EC-40C8-9B65-025E9138199B}.Release|Any CPU.Build.0 = Release|Any CPU
		{93D776CA-392B-4B4D-9F6F-CFB74CB5C7BA}.Debug|Any CPU.ActiveCfg = Debug|Any CPU
		{93D776CA-392B-4B4D-9F6F-CFB74CB5C7BA}.Debug|Any CPU.Build.0 = Debug|Any CPU
		{93D776CA-392B-4B4D-9F6F-CFB74CB5C7BA}.Release|Any CPU.ActiveCfg = Release|Any CPU
		{93D776CA-392B-4B4D-9F6F-CFB74CB5C7BA}.Release|Any CPU.Build.0 = Release|Any CPU
		{B2B4C164-C00A-4562-8CA3-C1978C6E0BD2}.Debug|Any CPU.ActiveCfg = Debug|Any CPU
		{B2B4C164-C00A-4562-8CA3-C1978C6E0BD2}.Debug|Any CPU.Build.0 = Debug|Any CPU
		{B2B4C164-C00A-4562-8CA3-C1978C6E0BD2}.Release|Any CPU.ActiveCfg = Release|Any CPU
		{B2B4C164-C00A-4562-8CA3-C1978C6E0BD2}.Release|Any CPU.Build.0 = Release|Any CPU
		{3B66C7FB-3C5F-4803-BD53-8966A17A0567}.Debug|Any CPU.ActiveCfg = Debug|Any CPU
		{3B66C7FB-3C5F-4803-BD53-8966A17A0567}.Debug|Any CPU.Build.0 = Debug|Any CPU
		{3B66C7FB-3C5F-4803-BD53-8966A17A0567}.Release|Any CPU.ActiveCfg = Release|Any CPU
		{3B66C7FB-3C5F-4803-BD53-8966A17A0567}.Release|Any CPU.Build.0 = Release|Any CPU
	EndGlobalSection
	GlobalSection(SolutionProperties) = preSolution
		HideSolutionNode = FALSE
	EndGlobalSection
	GlobalSection(ExtensibilityGlobals) = postSolution
		SolutionGuid = {A68B4197-5925-4725-A515-236452F8621E}
	EndGlobalSection
EndGlobal
